// !$*UTF8*$!
{
	archiveVersion = 1;
	classes = {
	};
	objectVersion = 46;
	objects = {

/* Begin PBXBuildFile section */
		821448221C4B08B100E19A72 /* sharedCode.swift in Sources */ = {isa = PBXBuildFile; fileRef = 821448211C4B08B100E19A72 /* sharedCode.swift */; };
		8276ABBB1C48F95B0048EAD9 /* MapViewController.swift in Sources */ = {isa = PBXBuildFile; fileRef = 8276ABBA1C48F95B0048EAD9 /* MapViewController.swift */; };
		AF03AE421C47FAAB00E64561 /* CheckinTableViewController.swift in Sources */ = {isa = PBXBuildFile; fileRef = AF03AE411C47FAAB00E64561 /* CheckinTableViewController.swift */; };
		AF03AE4B1C47FE8E00E64561 /* CheckinTableViewCell.swift in Sources */ = {isa = PBXBuildFile; fileRef = AF03AE4A1C47FE8E00E64561 /* CheckinTableViewCell.swift */; };
		AF03AE511C480DA400E64561 /* Alamofire.framework in Frameworks */ = {isa = PBXBuildFile; fileRef = AF03AE501C480DA400E64561 /* Alamofire.framework */; };
		AF03AE531C480DA800E64561 /* Locksmith.framework in Frameworks */ = {isa = PBXBuildFile; fileRef = AF03AE521C480DA800E64561 /* Locksmith.framework */; };
		AF03AE551C480DAB00E64561 /* SwiftyJSON.framework in Frameworks */ = {isa = PBXBuildFile; fileRef = AF03AE541C480DAB00E64561 /* SwiftyJSON.framework */; };
		AF1632BF1C3ED6BC00A3C60B /* Checkin.swift in Sources */ = {isa = PBXBuildFile; fileRef = AF1632BE1C3ED6BC00A3C60B /* Checkin.swift */; };
		AF2444041C535DBC0083E8F9 /* RBResizer.swift in Sources */ = {isa = PBXBuildFile; fileRef = AF2444031C535DBC0083E8F9 /* RBResizer.swift */; settings = {ASSET_TAGS = (); }; };
		AF3861561C2904BB00F26332 /* AppDelegate.swift in Sources */ = {isa = PBXBuildFile; fileRef = AF3861551C2904BB00F26332 /* AppDelegate.swift */; };
		AF3861581C2904BB00F26332 /* LoginViewController.swift in Sources */ = {isa = PBXBuildFile; fileRef = AF3861571C2904BB00F26332 /* LoginViewController.swift */; };
		AF38615B1C2904BB00F26332 /* Main.storyboard in Resources */ = {isa = PBXBuildFile; fileRef = AF3861591C2904BB00F26332 /* Main.storyboard */; };
		AF38615D1C2904BB00F26332 /* Assets.xcassets in Resources */ = {isa = PBXBuildFile; fileRef = AF38615C1C2904BB00F26332 /* Assets.xcassets */; };
		AF3861601C2904BB00F26332 /* LaunchScreen.storyboard in Resources */ = {isa = PBXBuildFile; fileRef = AF38615E1C2904BB00F26332 /* LaunchScreen.storyboard */; };
		AF38616B1C2904BB00F26332 /* checkTests.swift in Sources */ = {isa = PBXBuildFile; fileRef = AF38616A1C2904BB00F26332 /* checkTests.swift */; };
		AF3861761C2904BB00F26332 /* checkUITests.swift in Sources */ = {isa = PBXBuildFile; fileRef = AF3861751C2904BB00F26332 /* checkUITests.swift */; };
		AF5CF6191C39FE9600FF190A /* Schedule.swift in Sources */ = {isa = PBXBuildFile; fileRef = AF5CF6181C39FE9600FF190A /* Schedule.swift */; };
		AF5CF6221C39FF7400FF190A /* User.swift in Sources */ = {isa = PBXBuildFile; fileRef = AF5CF6211C39FF7400FF190A /* User.swift */; };
		AF8A6B3E1C30D14F002347D2 /* Event.swift in Sources */ = {isa = PBXBuildFile; fileRef = AF8A6B3D1C30D14F002347D2 /* Event.swift */; };
		AF8A6B421C30DE2F002347D2 /* ScheduleDetailViewController.swift in Sources */ = {isa = PBXBuildFile; fileRef = AF8A6B411C30DE2F002347D2 /* ScheduleDetailViewController.swift */; };
		AF8A6B441C31054A002347D2 /* MenuController.swift in Sources */ = {isa = PBXBuildFile; fileRef = AF8A6B431C31054A002347D2 /* MenuController.swift */; };
		AF8A6B4D1C311710002347D2 /* ProfileViewController.swift in Sources */ = {isa = PBXBuildFile; fileRef = AF8A6B4C1C311710002347D2 /* ProfileViewController.swift */; };
		AFF399801C56EB0800531961 /* NetData.swift in Sources */ = {isa = PBXBuildFile; fileRef = AFF3997F1C56EB0800531961 /* NetData.swift */; settings = {ASSET_TAGS = (); }; };
		AFF434061C30B6460071B9F1 /* ScheduleTableViewController.swift in Sources */ = {isa = PBXBuildFile; fileRef = AFF434051C30B6460071B9F1 /* ScheduleTableViewController.swift */; };
		AFF434081C30C0CC0071B9F1 /* ScheduleTableViewCell.swift in Sources */ = {isa = PBXBuildFile; fileRef = AFF434071C30C0CC0071B9F1 /* ScheduleTableViewCell.swift */; };
		AFFF39DA1C349A6600218D7B /* CheckAPI.swift in Sources */ = {isa = PBXBuildFile; fileRef = AFFF39D91C349A6600218D7B /* CheckAPI.swift */; };
		CA7F69E1CD228D2166C83F45 /* Pods.framework in Frameworks */ = {isa = PBXBuildFile; fileRef = 1328A1B7982A479EA0BCBF02 /* Pods.framework */; };
/* End PBXBuildFile section */

/* Begin PBXContainerItemProxy section */
		AF3861671C2904BB00F26332 /* PBXContainerItemProxy */ = {
			isa = PBXContainerItemProxy;
			containerPortal = AF38614A1C2904BB00F26332 /* Project object */;
			proxyType = 1;
			remoteGlobalIDString = AF3861511C2904BB00F26332;
			remoteInfo = check;
		};
		AF3861721C2904BB00F26332 /* PBXContainerItemProxy */ = {
			isa = PBXContainerItemProxy;
			containerPortal = AF38614A1C2904BB00F26332 /* Project object */;
			proxyType = 1;
			remoteGlobalIDString = AF3861511C2904BB00F26332;
			remoteInfo = check;
		};
/* End PBXContainerItemProxy section */

/* Begin PBXFileReference section */
		1328A1B7982A479EA0BCBF02 /* Pods.framework */ = {isa = PBXFileReference; explicitFileType = wrapper.framework; includeInIndex = 0; path = Pods.framework; sourceTree = BUILT_PRODUCTS_DIR; };
		821448211C4B08B100E19A72 /* sharedCode.swift */ = {isa = PBXFileReference; fileEncoding = 4; lastKnownFileType = sourcecode.swift; path = sharedCode.swift; sourceTree = "<group>"; };
		8276ABBA1C48F95B0048EAD9 /* MapViewController.swift */ = {isa = PBXFileReference; fileEncoding = 4; lastKnownFileType = sourcecode.swift; path = MapViewController.swift; sourceTree = "<group>"; };
		AF03AE411C47FAAB00E64561 /* CheckinTableViewController.swift */ = {isa = PBXFileReference; fileEncoding = 4; lastKnownFileType = sourcecode.swift; path = CheckinTableViewController.swift; sourceTree = "<group>"; };
		AF03AE4A1C47FE8E00E64561 /* CheckinTableViewCell.swift */ = {isa = PBXFileReference; fileEncoding = 4; lastKnownFileType = sourcecode.swift; path = CheckinTableViewCell.swift; sourceTree = "<group>"; };
		AF03AE501C480DA400E64561 /* Alamofire.framework */ = {isa = PBXFileReference; lastKnownFileType = wrapper.framework; name = Alamofire.framework; path = "Pods/../build/Debug-iphoneos/Alamofire.framework"; sourceTree = "<group>"; };
		AF03AE521C480DA800E64561 /* Locksmith.framework */ = {isa = PBXFileReference; lastKnownFileType = wrapper.framework; name = Locksmith.framework; path = "Pods/../build/Debug-iphoneos/Locksmith.framework"; sourceTree = "<group>"; };
		AF03AE541C480DAB00E64561 /* SwiftyJSON.framework */ = {isa = PBXFileReference; lastKnownFileType = wrapper.framework; name = SwiftyJSON.framework; path = "Pods/../build/Debug-iphoneos/SwiftyJSON.framework"; sourceTree = "<group>"; };
		AF1632BE1C3ED6BC00A3C60B /* Checkin.swift */ = {isa = PBXFileReference; fileEncoding = 4; lastKnownFileType = sourcecode.swift; path = Checkin.swift; sourceTree = "<group>"; };
		AF2444031C535DBC0083E8F9 /* RBResizer.swift */ = {isa = PBXFileReference; fileEncoding = 4; lastKnownFileType = sourcecode.swift; path = RBResizer.swift; sourceTree = "<group>"; };
		AF3861521C2904BB00F26332 /* check.app */ = {isa = PBXFileReference; explicitFileType = wrapper.application; includeInIndex = 0; path = check.app; sourceTree = BUILT_PRODUCTS_DIR; };
		AF3861551C2904BB00F26332 /* AppDelegate.swift */ = {isa = PBXFileReference; lastKnownFileType = sourcecode.swift; path = AppDelegate.swift; sourceTree = "<group>"; };
		AF3861571C2904BB00F26332 /* LoginViewController.swift */ = {isa = PBXFileReference; lastKnownFileType = sourcecode.swift; path = LoginViewController.swift; sourceTree = "<group>"; };
		AF38615A1C2904BB00F26332 /* Base */ = {isa = PBXFileReference; lastKnownFileType = file.storyboard; name = Base; path = Base.lproj/Main.storyboard; sourceTree = "<group>"; };
		AF38615C1C2904BB00F26332 /* Assets.xcassets */ = {isa = PBXFileReference; lastKnownFileType = folder.assetcatalog; path = Assets.xcassets; sourceTree = "<group>"; };
		AF38615F1C2904BB00F26332 /* Base */ = {isa = PBXFileReference; lastKnownFileType = file.storyboard; name = Base; path = Base.lproj/LaunchScreen.storyboard; sourceTree = "<group>"; };
		AF3861611C2904BB00F26332 /* Info.plist */ = {isa = PBXFileReference; lastKnownFileType = text.plist.xml; path = Info.plist; sourceTree = "<group>"; };
		AF3861661C2904BB00F26332 /* checkTests.xctest */ = {isa = PBXFileReference; explicitFileType = wrapper.cfbundle; includeInIndex = 0; path = checkTests.xctest; sourceTree = BUILT_PRODUCTS_DIR; };
		AF38616A1C2904BB00F26332 /* checkTests.swift */ = {isa = PBXFileReference; lastKnownFileType = sourcecode.swift; path = checkTests.swift; sourceTree = "<group>"; };
		AF38616C1C2904BB00F26332 /* Info.plist */ = {isa = PBXFileReference; lastKnownFileType = text.plist.xml; path = Info.plist; sourceTree = "<group>"; };
		AF3861711C2904BB00F26332 /* checkUITests.xctest */ = {isa = PBXFileReference; explicitFileType = wrapper.cfbundle; includeInIndex = 0; path = checkUITests.xctest; sourceTree = BUILT_PRODUCTS_DIR; };
		AF3861751C2904BB00F26332 /* checkUITests.swift */ = {isa = PBXFileReference; lastKnownFileType = sourcecode.swift; path = checkUITests.swift; sourceTree = "<group>"; };
		AF3861771C2904BB00F26332 /* Info.plist */ = {isa = PBXFileReference; lastKnownFileType = text.plist.xml; path = Info.plist; sourceTree = "<group>"; };
		AF5CF6181C39FE9600FF190A /* Schedule.swift */ = {isa = PBXFileReference; fileEncoding = 4; lastKnownFileType = sourcecode.swift; path = Schedule.swift; sourceTree = "<group>"; };
		AF5CF6211C39FF7400FF190A /* User.swift */ = {isa = PBXFileReference; fileEncoding = 4; lastKnownFileType = sourcecode.swift; path = User.swift; sourceTree = "<group>"; };
		AF8A6B3D1C30D14F002347D2 /* Event.swift */ = {isa = PBXFileReference; fileEncoding = 4; lastKnownFileType = sourcecode.swift; path = Event.swift; sourceTree = "<group>"; };
		AF8A6B411C30DE2F002347D2 /* ScheduleDetailViewController.swift */ = {isa = PBXFileReference; fileEncoding = 4; lastKnownFileType = sourcecode.swift; name = ScheduleDetailViewController.swift; path = ../ScheduleDetailViewController.swift; sourceTree = "<group>"; };
		AF8A6B431C31054A002347D2 /* MenuController.swift */ = {isa = PBXFileReference; fileEncoding = 4; lastKnownFileType = sourcecode.swift; path = MenuController.swift; sourceTree = "<group>"; };
		AF8A6B461C310AA1002347D2 /* check-Bridging-Header.h */ = {isa = PBXFileReference; lastKnownFileType = sourcecode.c.h; path = "check-Bridging-Header.h"; sourceTree = "<group>"; };
		AF8A6B4C1C311710002347D2 /* ProfileViewController.swift */ = {isa = PBXFileReference; fileEncoding = 4; lastKnownFileType = sourcecode.swift; path = ProfileViewController.swift; sourceTree = "<group>"; };
		AFF3997F1C56EB0800531961 /* NetData.swift */ = {isa = PBXFileReference; fileEncoding = 4; lastKnownFileType = sourcecode.swift; path = NetData.swift; sourceTree = "<group>"; };
		AFF434051C30B6460071B9F1 /* ScheduleTableViewController.swift */ = {isa = PBXFileReference; fileEncoding = 4; lastKnownFileType = sourcecode.swift; path = ScheduleTableViewController.swift; sourceTree = "<group>"; };
		AFF434071C30C0CC0071B9F1 /* ScheduleTableViewCell.swift */ = {isa = PBXFileReference; fileEncoding = 4; lastKnownFileType = sourcecode.swift; path = ScheduleTableViewCell.swift; sourceTree = "<group>"; };
		AFFF39D91C349A6600218D7B /* CheckAPI.swift */ = {isa = PBXFileReference; fileEncoding = 4; lastKnownFileType = sourcecode.swift; path = CheckAPI.swift; sourceTree = "<group>"; };
		C41C1C87A2497B9FE2E5E73F /* Pods.debug.xcconfig */ = {isa = PBXFileReference; includeInIndex = 1; lastKnownFileType = text.xcconfig; name = Pods.debug.xcconfig; path = "Pods/Target Support Files/Pods/Pods.debug.xcconfig"; sourceTree = "<group>"; };
		D1B9311D0DD75BA46B295CDB /* Pods.release.xcconfig */ = {isa = PBXFileReference; includeInIndex = 1; lastKnownFileType = text.xcconfig; name = Pods.release.xcconfig; path = "Pods/Target Support Files/Pods/Pods.release.xcconfig"; sourceTree = "<group>"; };
/* End PBXFileReference section */

/* Begin PBXFrameworksBuildPhase section */
		AF38614F1C2904BB00F26332 /* Frameworks */ = {
			isa = PBXFrameworksBuildPhase;
			buildActionMask = 2147483647;
			files = (
				AF03AE551C480DAB00E64561 /* SwiftyJSON.framework in Frameworks */,
				AF03AE531C480DA800E64561 /* Locksmith.framework in Frameworks */,
				AF03AE511C480DA400E64561 /* Alamofire.framework in Frameworks */,
				CA7F69E1CD228D2166C83F45 /* Pods.framework in Frameworks */,
			);
			runOnlyForDeploymentPostprocessing = 0;
		};
		AF3861631C2904BB00F26332 /* Frameworks */ = {
			isa = PBXFrameworksBuildPhase;
			buildActionMask = 2147483647;
			files = (
			);
			runOnlyForDeploymentPostprocessing = 0;
		};
		AF38616E1C2904BB00F26332 /* Frameworks */ = {
			isa = PBXFrameworksBuildPhase;
			buildActionMask = 2147483647;
			files = (
			);
			runOnlyForDeploymentPostprocessing = 0;
		};
/* End PBXFrameworksBuildPhase section */

/* Begin PBXGroup section */
		232C0FB421408292C67EE576 /* Frameworks */ = {
			isa = PBXGroup;
			children = (
				AF03AE541C480DAB00E64561 /* SwiftyJSON.framework */,
				AF03AE521C480DA800E64561 /* Locksmith.framework */,
				AF03AE501C480DA400E64561 /* Alamofire.framework */,
				1328A1B7982A479EA0BCBF02 /* Pods.framework */,
			);
			name = Frameworks;
			sourceTree = "<group>";
		};
		9DE31CDA48651CBBF79546D5 /* Pods */ = {
			isa = PBXGroup;
			children = (
				C41C1C87A2497B9FE2E5E73F /* Pods.debug.xcconfig */,
				D1B9311D0DD75BA46B295CDB /* Pods.release.xcconfig */,
			);
			name = Pods;
			sourceTree = "<group>";
		};
		AF2444051C535DC80083E8F9 /* Utils */ = {
			isa = PBXGroup;
			children = (
				AF2444031C535DBC0083E8F9 /* RBResizer.swift */,
				AFF3997F1C56EB0800531961 /* NetData.swift */,
			);
			name = Utils;
			sourceTree = "<group>";
		};
		AF3861491C2904BB00F26332 = {
			isa = PBXGroup;
			children = (
				AF3861541C2904BB00F26332 /* check */,
				AF3861691C2904BB00F26332 /* checkTests */,
				AF3861741C2904BB00F26332 /* checkUITests */,
				AF3861531C2904BB00F26332 /* Products */,
				9DE31CDA48651CBBF79546D5 /* Pods */,
				232C0FB421408292C67EE576 /* Frameworks */,
			);
			sourceTree = "<group>";
		};
		AF3861531C2904BB00F26332 /* Products */ = {
			isa = PBXGroup;
			children = (
				AF3861521C2904BB00F26332 /* check.app */,
				AF3861661C2904BB00F26332 /* checkTests.xctest */,
				AF3861711C2904BB00F26332 /* checkUITests.xctest */,
			);
			name = Products;
			sourceTree = "<group>";
		};
		AF3861541C2904BB00F26332 /* check */ = {
			isa = PBXGroup;
			children = (
				AF2444051C535DC80083E8F9 /* Utils */,
				AFFF39D81C349A4000218D7B /* checkAPI */,
				AFFF39D71C3499BF00218D7B /* cells */,
				AFFF39D61C34998400218D7B /* views */,
				AF8A6B451C310A70002347D2 /* SWRevealViewController */,
				AF3861551C2904BB00F26332 /* AppDelegate.swift */,
				AF3861591C2904BB00F26332 /* Main.storyboard */,
				AF38615C1C2904BB00F26332 /* Assets.xcassets */,
				AF38615E1C2904BB00F26332 /* LaunchScreen.storyboard */,
				AF3861611C2904BB00F26332 /* Info.plist */,
			);
			path = check;
			sourceTree = "<group>";
		};
		AF3861691C2904BB00F26332 /* checkTests */ = {
			isa = PBXGroup;
			children = (
				AF38616A1C2904BB00F26332 /* checkTests.swift */,
				AF38616C1C2904BB00F26332 /* Info.plist */,
			);
			path = checkTests;
			sourceTree = "<group>";
		};
		AF3861741C2904BB00F26332 /* checkUITests */ = {
			isa = PBXGroup;
			children = (
				AF3861751C2904BB00F26332 /* checkUITests.swift */,
				AF3861771C2904BB00F26332 /* Info.plist */,
			);
			path = checkUITests;
			sourceTree = "<group>";
		};
		AF8A6B451C310A70002347D2 /* SWRevealViewController */ = {
			isa = PBXGroup;
			children = (
				AF8A6B461C310AA1002347D2 /* check-Bridging-Header.h */,
			);
			name = SWRevealViewController;
			sourceTree = "<group>";
		};
		AFFF39D61C34998400218D7B /* views */ = {
			isa = PBXGroup;
			children = (
				AF8A6B411C30DE2F002347D2 /* ScheduleDetailViewController.swift */,
				AFF434051C30B6460071B9F1 /* ScheduleTableViewController.swift */,
				AF8A6B4C1C311710002347D2 /* ProfileViewController.swift */,
				AF3861571C2904BB00F26332 /* LoginViewController.swift */,
				AF8A6B431C31054A002347D2 /* MenuController.swift */,
				AF03AE411C47FAAB00E64561 /* CheckinTableViewController.swift */,
				8276ABBA1C48F95B0048EAD9 /* MapViewController.swift */,
			);
			name = views;
			sourceTree = "<group>";
		};
		AFFF39D71C3499BF00218D7B /* cells */ = {
			isa = PBXGroup;
			children = (
				AFF434071C30C0CC0071B9F1 /* ScheduleTableViewCell.swift */,
				AF03AE4A1C47FE8E00E64561 /* CheckinTableViewCell.swift */,
			);
			name = cells;
			sourceTree = "<group>";
		};
		AFFF39D81C349A4000218D7B /* checkAPI */ = {
			isa = PBXGroup;
			children = (
				AFFF39D91C349A6600218D7B /* CheckAPI.swift */,
				AF8A6B3D1C30D14F002347D2 /* Event.swift */,
				AF5CF6181C39FE9600FF190A /* Schedule.swift */,
				AF1632BE1C3ED6BC00A3C60B /* Checkin.swift */,
				AF5CF6211C39FF7400FF190A /* User.swift */,
				821448211C4B08B100E19A72 /* sharedCode.swift */,
			);
			name = checkAPI;
			sourceTree = "<group>";
		};
/* End PBXGroup section */

/* Begin PBXNativeTarget section */
		AF3861511C2904BB00F26332 /* check */ = {
			isa = PBXNativeTarget;
			buildConfigurationList = AF38617A1C2904BB00F26332 /* Build configuration list for PBXNativeTarget "check" */;
			buildPhases = (
				D98804ADB648EF574F677781 /* Check Pods Manifest.lock */,
				AF38614E1C2904BB00F26332 /* Sources */,
				AF38614F1C2904BB00F26332 /* Frameworks */,
				AF3861501C2904BB00F26332 /* Resources */,
				FF44C9276359BF9BE9069355 /* Embed Pods Frameworks */,
				19E19A6827CF28C7E5587328 /* Copy Pods Resources */,
			);
			buildRules = (
			);
			dependencies = (
			);
			name = check;
			productName = check;
			productReference = AF3861521C2904BB00F26332 /* check.app */;
			productType = "com.apple.product-type.application";
		};
		AF3861651C2904BB00F26332 /* checkTests */ = {
			isa = PBXNativeTarget;
			buildConfigurationList = AF38617D1C2904BB00F26332 /* Build configuration list for PBXNativeTarget "checkTests" */;
			buildPhases = (
				AF3861621C2904BB00F26332 /* Sources */,
				AF3861631C2904BB00F26332 /* Frameworks */,
				AF3861641C2904BB00F26332 /* Resources */,
			);
			buildRules = (
			);
			dependencies = (
				AF3861681C2904BB00F26332 /* PBXTargetDependency */,
			);
			name = checkTests;
			productName = checkTests;
			productReference = AF3861661C2904BB00F26332 /* checkTests.xctest */;
			productType = "com.apple.product-type.bundle.unit-test";
		};
		AF3861701C2904BB00F26332 /* checkUITests */ = {
			isa = PBXNativeTarget;
			buildConfigurationList = AF3861801C2904BB00F26332 /* Build configuration list for PBXNativeTarget "checkUITests" */;
			buildPhases = (
				AF38616D1C2904BB00F26332 /* Sources */,
				AF38616E1C2904BB00F26332 /* Frameworks */,
				AF38616F1C2904BB00F26332 /* Resources */,
			);
			buildRules = (
			);
			dependencies = (
				AF3861731C2904BB00F26332 /* PBXTargetDependency */,
			);
			name = checkUITests;
			productName = checkUITests;
			productReference = AF3861711C2904BB00F26332 /* checkUITests.xctest */;
			productType = "com.apple.product-type.bundle.ui-testing";
		};
/* End PBXNativeTarget section */

/* Begin PBXProject section */
		AF38614A1C2904BB00F26332 /* Project object */ = {
			isa = PBXProject;
			attributes = {
				LastSwiftUpdateCheck = 0700;
				LastUpgradeCheck = 0700;
				ORGANIZATIONNAME = walkant;
				TargetAttributes = {
					AF3861511C2904BB00F26332 = {
						CreatedOnToolsVersion = 7.0;
					};
					AF3861651C2904BB00F26332 = {
						CreatedOnToolsVersion = 7.0;
						DevelopmentTeam = 4E82AP8W66;
						TestTargetID = AF3861511C2904BB00F26332;
					};
					AF3861701C2904BB00F26332 = {
						CreatedOnToolsVersion = 7.0;
						DevelopmentTeam = 4E82AP8W66;
						TestTargetID = AF3861511C2904BB00F26332;
					};
				};
			};
			buildConfigurationList = AF38614D1C2904BB00F26332 /* Build configuration list for PBXProject "check" */;
			compatibilityVersion = "Xcode 3.2";
			developmentRegion = English;
			hasScannedForEncodings = 0;
			knownRegions = (
				en,
				Base,
			);
			mainGroup = AF3861491C2904BB00F26332;
			productRefGroup = AF3861531C2904BB00F26332 /* Products */;
			projectDirPath = "";
			projectRoot = "";
			targets = (
				AF3861511C2904BB00F26332 /* check */,
				AF3861651C2904BB00F26332 /* checkTests */,
				AF3861701C2904BB00F26332 /* checkUITests */,
			);
		};
/* End PBXProject section */

/* Begin PBXResourcesBuildPhase section */
		AF3861501C2904BB00F26332 /* Resources */ = {
			isa = PBXResourcesBuildPhase;
			buildActionMask = 2147483647;
			files = (
				AF3861601C2904BB00F26332 /* LaunchScreen.storyboard in Resources */,
				AF38615D1C2904BB00F26332 /* Assets.xcassets in Resources */,
				AF38615B1C2904BB00F26332 /* Main.storyboard in Resources */,
			);
			runOnlyForDeploymentPostprocessing = 0;
		};
		AF3861641C2904BB00F26332 /* Resources */ = {
			isa = PBXResourcesBuildPhase;
			buildActionMask = 2147483647;
			files = (
			);
			runOnlyForDeploymentPostprocessing = 0;
		};
		AF38616F1C2904BB00F26332 /* Resources */ = {
			isa = PBXResourcesBuildPhase;
			buildActionMask = 2147483647;
			files = (
			);
			runOnlyForDeploymentPostprocessing = 0;
		};
/* End PBXResourcesBuildPhase section */

/* Begin PBXShellScriptBuildPhase section */
		19E19A6827CF28C7E5587328 /* Copy Pods Resources */ = {
			isa = PBXShellScriptBuildPhase;
			buildActionMask = 2147483647;
			files = (
			);
			inputPaths = (
			);
			name = "Copy Pods Resources";
			outputPaths = (
			);
			runOnlyForDeploymentPostprocessing = 0;
			shellPath = /bin/sh;
			shellScript = "\"${SRCROOT}/Pods/Target Support Files/Pods/Pods-resources.sh\"\n";
			showEnvVarsInLog = 0;
		};
		D98804ADB648EF574F677781 /* Check Pods Manifest.lock */ = {
			isa = PBXShellScriptBuildPhase;
			buildActionMask = 2147483647;
			files = (
			);
			inputPaths = (
			);
			name = "Check Pods Manifest.lock";
			outputPaths = (
			);
			runOnlyForDeploymentPostprocessing = 0;
			shellPath = /bin/sh;
			shellScript = "diff \"${PODS_ROOT}/../Podfile.lock\" \"${PODS_ROOT}/Manifest.lock\" > /dev/null\nif [[ $? != 0 ]] ; then\n    cat << EOM\nerror: The sandbox is not in sync with the Podfile.lock. Run 'pod install' or update your CocoaPods installation.\nEOM\n    exit 1\nfi\n";
			showEnvVarsInLog = 0;
		};
		FF44C9276359BF9BE9069355 /* Embed Pods Frameworks */ = {
			isa = PBXShellScriptBuildPhase;
			buildActionMask = 2147483647;
			files = (
			);
			inputPaths = (
			);
			name = "Embed Pods Frameworks";
			outputPaths = (
			);
			runOnlyForDeploymentPostprocessing = 0;
			shellPath = /bin/sh;
			shellScript = "\"${SRCROOT}/Pods/Target Support Files/Pods/Pods-frameworks.sh\"\n";
			showEnvVarsInLog = 0;
		};
/* End PBXShellScriptBuildPhase section */

/* Begin PBXSourcesBuildPhase section */
		AF38614E1C2904BB00F26332 /* Sources */ = {
			isa = PBXSourcesBuildPhase;
			buildActionMask = 2147483647;
			files = (
				AF8A6B421C30DE2F002347D2 /* ScheduleDetailViewController.swift in Sources */,
				AF8A6B441C31054A002347D2 /* MenuController.swift in Sources */,
				AFF434081C30C0CC0071B9F1 /* ScheduleTableViewCell.swift in Sources */,
				AF3861581C2904BB00F26332 /* LoginViewController.swift in Sources */,
				AF5CF6221C39FF7400FF190A /* User.swift in Sources */,
				AFF434061C30B6460071B9F1 /* ScheduleTableViewController.swift in Sources */,
				AF8A6B4D1C311710002347D2 /* ProfileViewController.swift in Sources */,
				AFFF39DA1C349A6600218D7B /* CheckAPI.swift in Sources */,
				AF3861561C2904BB00F26332 /* AppDelegate.swift in Sources */,
				AFF399801C56EB0800531961 /* NetData.swift in Sources */,
				AF5CF6191C39FE9600FF190A /* Schedule.swift in Sources */,
				AF03AE421C47FAAB00E64561 /* CheckinTableViewController.swift in Sources */,
				AF03AE4B1C47FE8E00E64561 /* CheckinTableViewCell.swift in Sources */,
				AF8A6B3E1C30D14F002347D2 /* Event.swift in Sources */,
				821448221C4B08B100E19A72 /* sharedCode.swift in Sources */,
				AF2444041C535DBC0083E8F9 /* RBResizer.swift in Sources */,
				8276ABBB1C48F95B0048EAD9 /* MapViewController.swift in Sources */,
				AF1632BF1C3ED6BC00A3C60B /* Checkin.swift in Sources */,
			);
			runOnlyForDeploymentPostprocessing = 0;
		};
		AF3861621C2904BB00F26332 /* Sources */ = {
			isa = PBXSourcesBuildPhase;
			buildActionMask = 2147483647;
			files = (
				AF38616B1C2904BB00F26332 /* checkTests.swift in Sources */,
			);
			runOnlyForDeploymentPostprocessing = 0;
		};
		AF38616D1C2904BB00F26332 /* Sources */ = {
			isa = PBXSourcesBuildPhase;
			buildActionMask = 2147483647;
			files = (
				AF3861761C2904BB00F26332 /* checkUITests.swift in Sources */,
			);
			runOnlyForDeploymentPostprocessing = 0;
		};
/* End PBXSourcesBuildPhase section */

/* Begin PBXTargetDependency section */
		AF3861681C2904BB00F26332 /* PBXTargetDependency */ = {
			isa = PBXTargetDependency;
			target = AF3861511C2904BB00F26332 /* check */;
			targetProxy = AF3861671C2904BB00F26332 /* PBXContainerItemProxy */;
		};
		AF3861731C2904BB00F26332 /* PBXTargetDependency */ = {
			isa = PBXTargetDependency;
			target = AF3861511C2904BB00F26332 /* check */;
			targetProxy = AF3861721C2904BB00F26332 /* PBXContainerItemProxy */;
		};
/* End PBXTargetDependency section */

/* Begin PBXVariantGroup section */
		AF3861591C2904BB00F26332 /* Main.storyboard */ = {
			isa = PBXVariantGroup;
			children = (
				AF38615A1C2904BB00F26332 /* Base */,
			);
			name = Main.storyboard;
			sourceTree = "<group>";
		};
		AF38615E1C2904BB00F26332 /* LaunchScreen.storyboard */ = {
			isa = PBXVariantGroup;
			children = (
				AF38615F1C2904BB00F26332 /* Base */,
			);
			name = LaunchScreen.storyboard;
			sourceTree = "<group>";
		};
/* End PBXVariantGroup section */

/* Begin XCBuildConfiguration section */
		AF3861781C2904BB00F26332 /* Debug */ = {
			isa = XCBuildConfiguration;
			buildSettings = {
				ALWAYS_SEARCH_USER_PATHS = NO;
				CLANG_CXX_LANGUAGE_STANDARD = "gnu++0x";
				CLANG_CXX_LIBRARY = "libc++";
				CLANG_ENABLE_MODULES = YES;
				CLANG_ENABLE_OBJC_ARC = YES;
				CLANG_WARN_BOOL_CONVERSION = YES;
				CLANG_WARN_CONSTANT_CONVERSION = YES;
				CLANG_WARN_DIRECT_OBJC_ISA_USAGE = YES_ERROR;
				CLANG_WARN_EMPTY_BODY = YES;
				CLANG_WARN_ENUM_CONVERSION = YES;
				CLANG_WARN_INT_CONVERSION = YES;
				CLANG_WARN_OBJC_ROOT_CLASS = YES_ERROR;
				CLANG_WARN_UNREACHABLE_CODE = YES;
				CLANG_WARN__DUPLICATE_METHOD_MATCH = YES;
				"CODE_SIGN_IDENTITY[sdk=iphoneos*]" = "iPhone Developer";
				COPY_PHASE_STRIP = NO;
				DEBUG_INFORMATION_FORMAT = dwarf;
				ENABLE_STRICT_OBJC_MSGSEND = YES;
				ENABLE_TESTABILITY = YES;
				GCC_C_LANGUAGE_STANDARD = gnu99;
				GCC_DYNAMIC_NO_PIC = NO;
				GCC_NO_COMMON_BLOCKS = YES;
				GCC_OPTIMIZATION_LEVEL = 0;
				GCC_PREPROCESSOR_DEFINITIONS = (
					"DEBUG=1",
					"$(inherited)",
				);
				GCC_WARN_64_TO_32_BIT_CONVERSION = YES;
				GCC_WARN_ABOUT_RETURN_TYPE = YES_ERROR;
				GCC_WARN_UNDECLARED_SELECTOR = YES;
				GCC_WARN_UNINITIALIZED_AUTOS = YES_AGGRESSIVE;
				GCC_WARN_UNUSED_FUNCTION = YES;
				GCC_WARN_UNUSED_VARIABLE = YES;
				IPHONEOS_DEPLOYMENT_TARGET = 9.0;
				MTL_ENABLE_DEBUG_INFO = YES;
				ONLY_ACTIVE_ARCH = YES;
				SDKROOT = iphoneos;
				SWIFT_OPTIMIZATION_LEVEL = "-Onone";
			};
			name = Debug;
		};
		AF3861791C2904BB00F26332 /* Release */ = {
			isa = XCBuildConfiguration;
			buildSettings = {
				ALWAYS_SEARCH_USER_PATHS = NO;
				CLANG_CXX_LANGUAGE_STANDARD = "gnu++0x";
				CLANG_CXX_LIBRARY = "libc++";
				CLANG_ENABLE_MODULES = YES;
				CLANG_ENABLE_OBJC_ARC = YES;
				CLANG_WARN_BOOL_CONVERSION = YES;
				CLANG_WARN_CONSTANT_CONVERSION = YES;
				CLANG_WARN_DIRECT_OBJC_ISA_USAGE = YES_ERROR;
				CLANG_WARN_EMPTY_BODY = YES;
				CLANG_WARN_ENUM_CONVERSION = YES;
				CLANG_WARN_INT_CONVERSION = YES;
				CLANG_WARN_OBJC_ROOT_CLASS = YES_ERROR;
				CLANG_WARN_UNREACHABLE_CODE = YES;
				CLANG_WARN__DUPLICATE_METHOD_MATCH = YES;
				"CODE_SIGN_IDENTITY[sdk=iphoneos*]" = "iPhone Developer";
				COPY_PHASE_STRIP = NO;
				DEBUG_INFORMATION_FORMAT = "dwarf-with-dsym";
				ENABLE_NS_ASSERTIONS = NO;
				ENABLE_STRICT_OBJC_MSGSEND = YES;
				GCC_C_LANGUAGE_STANDARD = gnu99;
				GCC_NO_COMMON_BLOCKS = YES;
				GCC_WARN_64_TO_32_BIT_CONVERSION = YES;
				GCC_WARN_ABOUT_RETURN_TYPE = YES_ERROR;
				GCC_WARN_UNDECLARED_SELECTOR = YES;
				GCC_WARN_UNINITIALIZED_AUTOS = YES_AGGRESSIVE;
				GCC_WARN_UNUSED_FUNCTION = YES;
				GCC_WARN_UNUSED_VARIABLE = YES;
				IPHONEOS_DEPLOYMENT_TARGET = 9.0;
				MTL_ENABLE_DEBUG_INFO = NO;
				SDKROOT = iphoneos;
				VALIDATE_PRODUCT = YES;
			};
			name = Release;
		};
		AF38617B1C2904BB00F26332 /* Debug */ = {
			isa = XCBuildConfiguration;
			baseConfigurationReference = C41C1C87A2497B9FE2E5E73F /* Pods.debug.xcconfig */;
			buildSettings = {
				ASSETCATALOG_COMPILER_APPICON_NAME = AppIcon;
				ASSETCATALOG_COMPILER_LAUNCHIMAGE_NAME = LaunchImage;
				CLANG_ENABLE_MODULES = YES;
				CODE_SIGN_IDENTITY = "iPhone Developer";
				"CODE_SIGN_IDENTITY[sdk=iphoneos*]" = "iPhone Developer";
				FRAMEWORK_SEARCH_PATHS = (
					"$(inherited)",
					"$(PROJECT_DIR)/build/Debug-iphoneos",
				);
				INFOPLIST_FILE = check/Info.plist;
				LD_RUNPATH_SEARCH_PATHS = "$(inherited) @executable_path/Frameworks";
				PRODUCT_BUNDLE_IDENTIFIER = walkant.check;
				PRODUCT_NAME = "$(TARGET_NAME)";
				PROVISIONING_PROFILE = "";
				SWIFT_OBJC_BRIDGING_HEADER = "check/check-Bridging-Header.h";
				SWIFT_OPTIMIZATION_LEVEL = "-Onone";
			};
			name = Debug;
		};
		AF38617C1C2904BB00F26332 /* Release */ = {
			isa = XCBuildConfiguration;
			baseConfigurationReference = D1B9311D0DD75BA46B295CDB /* Pods.release.xcconfig */;
			buildSettings = {
				ASSETCATALOG_COMPILER_APPICON_NAME = AppIcon;
				ASSETCATALOG_COMPILER_LAUNCHIMAGE_NAME = LaunchImage;
				CLANG_ENABLE_MODULES = YES;
				CODE_SIGN_IDENTITY = "iPhone Developer";
				"CODE_SIGN_IDENTITY[sdk=iphoneos*]" = "iPhone Developer";
				FRAMEWORK_SEARCH_PATHS = (
					"$(inherited)",
					"$(PROJECT_DIR)/build/Debug-iphoneos",
				);
				INFOPLIST_FILE = check/Info.plist;
				LD_RUNPATH_SEARCH_PATHS = "$(inherited) @executable_path/Frameworks";
				PRODUCT_BUNDLE_IDENTIFIER = walkant.check;
				PRODUCT_NAME = "$(TARGET_NAME)";
				PROVISIONING_PROFILE = "";
				SWIFT_OBJC_BRIDGING_HEADER = "check/check-Bridging-Header.h";
			};
			name = Release;
		};
		AF38617E1C2904BB00F26332 /* Debug */ = {
			isa = XCBuildConfiguration;
			buildSettings = {
				BUNDLE_LOADER = "$(TEST_HOST)";
				INFOPLIST_FILE = checkTests/Info.plist;
				LD_RUNPATH_SEARCH_PATHS = "$(inherited) @executable_path/Frameworks @loader_path/Frameworks";
				PRODUCT_BUNDLE_IDENTIFIER = angelsystem.checkTests;
				PRODUCT_NAME = "$(TARGET_NAME)";
				TEST_HOST = "$(BUILT_PRODUCTS_DIR)/check.app/check";
			};
			name = Debug;
		};
		AF38617F1C2904BB00F26332 /* Release */ = {
			isa = XCBuildConfiguration;
			buildSettings = {
				BUNDLE_LOADER = "$(TEST_HOST)";
				INFOPLIST_FILE = checkTests/Info.plist;
				LD_RUNPATH_SEARCH_PATHS = "$(inherited) @executable_path/Frameworks @loader_path/Frameworks";
				PRODUCT_BUNDLE_IDENTIFIER = angelsystem.checkTests;
				PRODUCT_NAME = "$(TARGET_NAME)";
				TEST_HOST = "$(BUILT_PRODUCTS_DIR)/check.app/check";
			};
			name = Release;
		};
		AF3861811C2904BB00F26332 /* Debug */ = {
			isa = XCBuildConfiguration;
			buildSettings = {
				INFOPLIST_FILE = checkUITests/Info.plist;
				LD_RUNPATH_SEARCH_PATHS = "$(inherited) @executable_path/Frameworks @loader_path/Frameworks";
				PRODUCT_BUNDLE_IDENTIFIER = angelsystem.checkUITests;
				PRODUCT_NAME = "$(TARGET_NAME)";
				TEST_TARGET_NAME = check;
				USES_XCTRUNNER = YES;
			};
			name = Debug;
		};
		AF3861821C2904BB00F26332 /* Release */ = {
			isa = XCBuildConfiguration;
			buildSettings = {
				INFOPLIST_FILE = checkUITests/Info.plist;
				LD_RUNPATH_SEARCH_PATHS = "$(inherited) @executable_path/Frameworks @loader_path/Frameworks";
				PRODUCT_BUNDLE_IDENTIFIER = angelsystem.checkUITests;
				PRODUCT_NAME = "$(TARGET_NAME)";
				TEST_TARGET_NAME = check;
				USES_XCTRUNNER = YES;
			};
			name = Release;
		};
/* End XCBuildConfiguration section */

/* Begin XCConfigurationList section */
		AF38614D1C2904BB00F26332 /* Build configuration list for PBXProject "check" */ = {
			isa = XCConfigurationList;
			buildConfigurations = (
				AF3861781C2904BB00F26332 /* Debug */,
				AF3861791C2904BB00F26332 /* Release */,
			);
			defaultConfigurationIsVisible = 0;
			defaultConfigurationName = Release;
		};
		AF38617A1C2904BB00F26332 /* Build configuration list for PBXNativeTarget "check" */ = {
			isa = XCConfigurationList;
			buildConfigurations = (
				AF38617B1C2904BB00F26332 /* Debug */,
				AF38617C1C2904BB00F26332 /* Release */,
			);
			defaultConfigurationIsVisible = 0;
			defaultConfigurationName = Release;
		};
		AF38617D1C2904BB00F26332 /* Build configuration list for PBXNativeTarget "checkTests" */ = {
			isa = XCConfigurationList;
			buildConfigurations = (
				AF38617E1C2904BB00F26332 /* Debug */,
				AF38617F1C2904BB00F26332 /* Release */,
			);
			defaultConfigurationIsVisible = 0;
			defaultConfigurationName = Release;
		};
		AF3861801C2904BB00F26332 /* Build configuration list for PBXNativeTarget "checkUITests" */ = {
			isa = XCConfigurationList;
			buildConfigurations = (
				AF3861811C2904BB00F26332 /* Debug */,
				AF3861821C2904BB00F26332 /* Release */,
			);
			defaultConfigurationIsVisible = 0;
			defaultConfigurationName = Release;
		};
/* End XCConfigurationList section */
	};
	rootObject = AF38614A1C2904BB00F26332 /* Project object */;
}
